parameters:
  -
    in: path
    name: id
    required: true
    description: 'The organization id.'
    schema:
      type: string
      format: uuid
delete:
  tags:
    - Organization
  summary: 'Delete a organization by id.'
  operationId: unlock_organization
  responses:
    204:
      description: 'The organization has been unlocked.'
    401:
      description: Unauthorized
    403:
      description: Forbidden
put:
  tags:
    - Organization
  summary: 'Lock a organization by ID.'
  operationId: lock_organization
  responses:
    200:
      description: 'The unlocked organization.'
      content:
        application/json:
          schema:
            type: object
            properties:
              data:
                $ref: ../../models/organization.yml
              meta:
                type: object
    401:
      description: Unauthorized
    403:
      description: Forbidden
